// !$*UTF8*$!
{
	archiveVersion = 1;
	classes = {
	};
	objectVersion = 50;
	objects = {

/* Begin PBXBuildFile section */
		412F59E076B84646FBDD19B2 /* Pods_Coindesk_API.framework in Frameworks */ = {isa = PBXBuildFile; fileRef = 993C382ED961A8783A1938E6 /* Pods_Coindesk_API.framework */; };
		820AACF2220DF7D100E0A5F9 /* DateLabel.swift in Sources */ = {isa = PBXBuildFile; fileRef = 820AACF1220DF7D100E0A5F9 /* DateLabel.swift */; };
		820AACF4220DF81B00E0A5F9 /* LastUpdateLabel.swift in Sources */ = {isa = PBXBuildFile; fileRef = 820AACF3220DF81B00E0A5F9 /* LastUpdateLabel.swift */; };
		820AACF7220DFF5300E0A5F9 /* UIViewController+Alert.swift in Sources */ = {isa = PBXBuildFile; fileRef = 820AACF6220DFF5300E0A5F9 /* UIViewController+Alert.swift */; };
		8227E453220B62100076EB8E /* Service.swift in Sources */ = {isa = PBXBuildFile; fileRef = 8227E452220B62100076EB8E /* Service.swift */; };
		8227E455220B62730076EB8E /* Error.swift in Sources */ = {isa = PBXBuildFile; fileRef = 8227E454220B62730076EB8E /* Error.swift */; };
		8227E457220B635E0076EB8E /* Reachability.swift in Sources */ = {isa = PBXBuildFile; fileRef = 8227E456220B635E0076EB8E /* Reachability.swift */; };
		8227E459220C20A80076EB8E /* Configuration.swift in Sources */ = {isa = PBXBuildFile; fileRef = 8227E458220C20A80076EB8E /* Configuration.swift */; };
		8227E45B220C2E310076EB8E /* BitcoinInfo.swift in Sources */ = {isa = PBXBuildFile; fileRef = 8227E45A220C2E310076EB8E /* BitcoinInfo.swift */; };
		8227E45D220C322E0076EB8E /* BPI.swift in Sources */ = {isa = PBXBuildFile; fileRef = 8227E45C220C322E0076EB8E /* BPI.swift */; };
		8227E45F220C5AD20076EB8E /* BPIHistory.swift in Sources */ = {isa = PBXBuildFile; fileRef = 8227E45E220C5AD20076EB8E /* BPIHistory.swift */; };
		8227E461220C70F70076EB8E /* UIColor+Hex.swift in Sources */ = {isa = PBXBuildFile; fileRef = 8227E460220C70F70076EB8E /* UIColor+Hex.swift */; };
		8227E463220C715D0076EB8E /* GradientView.swift in Sources */ = {isa = PBXBuildFile; fileRef = 8227E462220C715D0076EB8E /* GradientView.swift */; };
		8227E465220C74E20076EB8E /* RoundedTableView.swift in Sources */ = {isa = PBXBuildFile; fileRef = 8227E464220C74E20076EB8E /* RoundedTableView.swift */; };
		8227E467220C91310076EB8E /* FileManager+DocumentDirectory.swift in Sources */ = {isa = PBXBuildFile; fileRef = 8227E466220C91310076EB8E /* FileManager+DocumentDirectory.swift */; };
		8227E46D220CE38B0076EB8E /* DateFormatters.swift in Sources */ = {isa = PBXBuildFile; fileRef = 8227E46C220CE38B0076EB8E /* DateFormatters.swift */; };
		8227E471220DBBA70076EB8E /* Formatter+Seperator.swift in Sources */ = {isa = PBXBuildFile; fileRef = 8227E470220DBBA70076EB8E /* Formatter+Seperator.swift */; };
		8227E474220DBE770076EB8E /* NavigationController.swift in Sources */ = {isa = PBXBuildFile; fileRef = 8227E473220DBE770076EB8E /* NavigationController.swift */; };
		8227E478220DCB1F0076EB8E /* TwoSizeLabel.swift in Sources */ = {isa = PBXBuildFile; fileRef = 8227E477220DCB1F0076EB8E /* TwoSizeLabel.swift */; };
		8272752E220B4D8C001BC165 /* AppDelegate.swift in Sources */ = {isa = PBXBuildFile; fileRef = 8272752D220B4D8C001BC165 /* AppDelegate.swift */; };
		82727530220B4D8C001BC165 /* BitcoinHistoryViewController.swift in Sources */ = {isa = PBXBuildFile; fileRef = 8272752F220B4D8C001BC165 /* BitcoinHistoryViewController.swift */; };
		82727533220B4D8C001BC165 /* Main.storyboard in Resources */ = {isa = PBXBuildFile; fileRef = 82727531220B4D8C001BC165 /* Main.storyboard */; };
		82727535220B4D8D001BC165 /* Assets.xcassets in Resources */ = {isa = PBXBuildFile; fileRef = 82727534220B4D8D001BC165 /* Assets.xcassets */; };
		82727538220B4D8D001BC165 /* LaunchScreen.storyboard in Resources */ = {isa = PBXBuildFile; fileRef = 82727536220B4D8D001BC165 /* LaunchScreen.storyboard */; };
		82727543220B4D8D001BC165 /* Coindesk_APITests.swift in Sources */ = {isa = PBXBuildFile; fileRef = 82727542220B4D8D001BC165 /* Coindesk_APITests.swift */; };
		8272754E220B4D8D001BC165 /* Coindesk_APIUITests.swift in Sources */ = {isa = PBXBuildFile; fileRef = 8272754D220B4D8D001BC165 /* Coindesk_APIUITests.swift */; };
		82727567220B4F2E001BC165 /* BitcoinInfoViewModel.swift in Sources */ = {isa = PBXBuildFile; fileRef = 82727566220B4F2E001BC165 /* BitcoinInfoViewModel.swift */; };
		82727569220B4FA1001BC165 /* BitcoinDetailsViewController.swift in Sources */ = {isa = PBXBuildFile; fileRef = 82727568220B4FA1001BC165 /* BitcoinDetailsViewController.swift */; };
		8272756B220B50CA001BC165 /* BitcoinRateCell.swift in Sources */ = {isa = PBXBuildFile; fileRef = 8272756A220B50CA001BC165 /* BitcoinRateCell.swift */; };
		8272756D220B5CB9001BC165 /* UIViewController+Identifier.swift in Sources */ = {isa = PBXBuildFile; fileRef = 8272756C220B5CB9001BC165 /* UIViewController+Identifier.swift */; };
		8272756F220B5D92001BC165 /* Collection+SafeIndex.swift in Sources */ = {isa = PBXBuildFile; fileRef = 8272756E220B5D92001BC165 /* Collection+SafeIndex.swift */; };
		82AD58A0220F029000DDC9B9 /* IncreasedTapTargetButton.swift in Sources */ = {isa = PBXBuildFile; fileRef = 82AD589F220F029000DDC9B9 /* IncreasedTapTargetButton.swift */; };
		82AD58A2220F051E00DDC9B9 /* AdjustableLabel.swift in Sources */ = {isa = PBXBuildFile; fileRef = 82AD58A1220F051E00DDC9B9 /* AdjustableLabel.swift */; };
		82AD58B1220F33C300DDC9B9 /* PaddedTwoSizeLabel.swift in Sources */ = {isa = PBXBuildFile; fileRef = 82AD58B0220F33C300DDC9B9 /* PaddedTwoSizeLabel.swift */; };
		82AD58B3220F513E00DDC9B9 /* Design.swift in Sources */ = {isa = PBXBuildFile; fileRef = 82AD58B2220F513E00DDC9B9 /* Design.swift */; };
		C7AFC0AB053532050DAA6373 /* Pods_Coindesk_APIUITests.framework in Frameworks */ = {isa = PBXBuildFile; fileRef = BEF877FE7FB7D0F04E973AB4 /* Pods_Coindesk_APIUITests.framework */; };
		F36C68FB35591C0D0D926236 /* Pods_Coindesk_APITests.framework in Frameworks */ = {isa = PBXBuildFile; fileRef = 75B32452BBD62CCE8E460C90 /* Pods_Coindesk_APITests.framework */; };
/* End PBXBuildFile section */

/* Begin PBXContainerItemProxy section */
		8272753F220B4D8D001BC165 /* PBXContainerItemProxy */ = {
			isa = PBXContainerItemProxy;
			containerPortal = 82727522220B4D8C001BC165 /* Project object */;
			proxyType = 1;
			remoteGlobalIDString = 82727529220B4D8C001BC165;
			remoteInfo = "Coindesk-API";
		};
		8272754A220B4D8D001BC165 /* PBXContainerItemProxy */ = {
			isa = PBXContainerItemProxy;
			containerPortal = 82727522220B4D8C001BC165 /* Project object */;
			proxyType = 1;
			remoteGlobalIDString = 82727529220B4D8C001BC165;
			remoteInfo = "Coindesk-API";
		};
/* End PBXContainerItemProxy section */

/* Begin PBXFileReference section */
		32706AE05B4487459A99E667 /* Pods-Coindesk-API.debug.xcconfig */ = {isa = PBXFileReference; includeInIndex = 1; lastKnownFileType = text.xcconfig; name = "Pods-Coindesk-API.debug.xcconfig"; path = "Pods/Target Support Files/Pods-Coindesk-API/Pods-Coindesk-API.debug.xcconfig"; sourceTree = "<group>"; };
		47C9D3C8646ABFD49B5B254F /* Pods-Coindesk-API.release.xcconfig */ = {isa = PBXFileReference; includeInIndex = 1; lastKnownFileType = text.xcconfig; name = "Pods-Coindesk-API.release.xcconfig"; path = "Pods/Target Support Files/Pods-Coindesk-API/Pods-Coindesk-API.release.xcconfig"; sourceTree = "<group>"; };
		642CD4C0C9B6CF6DF3657999 /* Pods-Coindesk-APIUITests.release.xcconfig */ = {isa = PBXFileReference; includeInIndex = 1; lastKnownFileType = text.xcconfig; name = "Pods-Coindesk-APIUITests.release.xcconfig"; path = "Pods/Target Support Files/Pods-Coindesk-APIUITests/Pods-Coindesk-APIUITests.release.xcconfig"; sourceTree = "<group>"; };
		75B32452BBD62CCE8E460C90 /* Pods_Coindesk_APITests.framework */ = {isa = PBXFileReference; explicitFileType = wrapper.framework; includeInIndex = 0; path = Pods_Coindesk_APITests.framework; sourceTree = BUILT_PRODUCTS_DIR; };
		820AACF1220DF7D100E0A5F9 /* DateLabel.swift */ = {isa = PBXFileReference; fileEncoding = 4; lastKnownFileType = sourcecode.swift; path = DateLabel.swift; sourceTree = "<group>"; };
		820AACF3220DF81B00E0A5F9 /* LastUpdateLabel.swift */ = {isa = PBXFileReference; lastKnownFileType = sourcecode.swift; path = LastUpdateLabel.swift; sourceTree = "<group>"; };
		820AACF6220DFF5300E0A5F9 /* UIViewController+Alert.swift */ = {isa = PBXFileReference; lastKnownFileType = sourcecode.swift; path = "UIViewController+Alert.swift"; sourceTree = "<group>"; };
		8227E452220B62100076EB8E /* Service.swift */ = {isa = PBXFileReference; lastKnownFileType = sourcecode.swift; path = Service.swift; sourceTree = "<group>"; };
		8227E454220B62730076EB8E /* Error.swift */ = {isa = PBXFileReference; lastKnownFileType = sourcecode.swift; path = Error.swift; sourceTree = "<group>"; };
		8227E456220B635E0076EB8E /* Reachability.swift */ = {isa = PBXFileReference; lastKnownFileType = sourcecode.swift; path = Reachability.swift; sourceTree = "<group>"; };
		8227E458220C20A80076EB8E /* Configuration.swift */ = {isa = PBXFileReference; lastKnownFileType = sourcecode.swift; path = Configuration.swift; sourceTree = "<group>"; };
		8227E45A220C2E310076EB8E /* BitcoinInfo.swift */ = {isa = PBXFileReference; lastKnownFileType = sourcecode.swift; path = BitcoinInfo.swift; sourceTree = "<group>"; };
		8227E45C220C322E0076EB8E /* BPI.swift */ = {isa = PBXFileReference; lastKnownFileType = sourcecode.swift; path = BPI.swift; sourceTree = "<group>"; };
		8227E45E220C5AD20076EB8E /* BPIHistory.swift */ = {isa = PBXFileReference; lastKnownFileType = sourcecode.swift; path = BPIHistory.swift; sourceTree = "<group>"; };
		8227E460220C70F70076EB8E /* UIColor+Hex.swift */ = {isa = PBXFileReference; lastKnownFileType = sourcecode.swift; path = "UIColor+Hex.swift"; sourceTree = "<group>"; };
		8227E462220C715D0076EB8E /* GradientView.swift */ = {isa = PBXFileReference; lastKnownFileType = sourcecode.swift; path = GradientView.swift; sourceTree = "<group>"; };
		8227E464220C74E20076EB8E /* RoundedTableView.swift */ = {isa = PBXFileReference; lastKnownFileType = sourcecode.swift; path = RoundedTableView.swift; sourceTree = "<group>"; };
		8227E466220C91310076EB8E /* FileManager+DocumentDirectory.swift */ = {isa = PBXFileReference; lastKnownFileType = sourcecode.swift; path = "FileManager+DocumentDirectory.swift"; sourceTree = "<group>"; };
		8227E46C220CE38B0076EB8E /* DateFormatters.swift */ = {isa = PBXFileReference; lastKnownFileType = sourcecode.swift; path = DateFormatters.swift; sourceTree = "<group>"; };
		8227E470220DBBA70076EB8E /* Formatter+Seperator.swift */ = {isa = PBXFileReference; lastKnownFileType = sourcecode.swift; path = "Formatter+Seperator.swift"; sourceTree = "<group>"; };
		8227E473220DBE770076EB8E /* NavigationController.swift */ = {isa = PBXFileReference; lastKnownFileType = sourcecode.swift; path = NavigationController.swift; sourceTree = "<group>"; };
		8227E477220DCB1F0076EB8E /* TwoSizeLabel.swift */ = {isa = PBXFileReference; lastKnownFileType = sourcecode.swift; path = TwoSizeLabel.swift; sourceTree = "<group>"; };
		8272752A220B4D8C001BC165 /* Coindesk-API.app */ = {isa = PBXFileReference; explicitFileType = wrapper.application; includeInIndex = 0; path = "Coindesk-API.app"; sourceTree = BUILT_PRODUCTS_DIR; };
		8272752D220B4D8C001BC165 /* AppDelegate.swift */ = {isa = PBXFileReference; lastKnownFileType = sourcecode.swift; path = AppDelegate.swift; sourceTree = "<group>"; };
		8272752F220B4D8C001BC165 /* BitcoinHistoryViewController.swift */ = {isa = PBXFileReference; lastKnownFileType = sourcecode.swift; path = BitcoinHistoryViewController.swift; sourceTree = "<group>"; };
		82727532220B4D8C001BC165 /* Base */ = {isa = PBXFileReference; lastKnownFileType = file.storyboard; name = Base; path = Base.lproj/Main.storyboard; sourceTree = "<group>"; };
		82727534220B4D8D001BC165 /* Assets.xcassets */ = {isa = PBXFileReference; lastKnownFileType = folder.assetcatalog; path = Assets.xcassets; sourceTree = "<group>"; };
		82727537220B4D8D001BC165 /* Base */ = {isa = PBXFileReference; lastKnownFileType = file.storyboard; name = Base; path = Base.lproj/LaunchScreen.storyboard; sourceTree = "<group>"; };
		82727539220B4D8D001BC165 /* Info.plist */ = {isa = PBXFileReference; lastKnownFileType = text.plist.xml; path = Info.plist; sourceTree = "<group>"; };
		8272753E220B4D8D001BC165 /* Coindesk-APITests.xctest */ = {isa = PBXFileReference; explicitFileType = wrapper.cfbundle; includeInIndex = 0; path = "Coindesk-APITests.xctest"; sourceTree = BUILT_PRODUCTS_DIR; };
		82727542220B4D8D001BC165 /* Coindesk_APITests.swift */ = {isa = PBXFileReference; lastKnownFileType = sourcecode.swift; path = Coindesk_APITests.swift; sourceTree = "<group>"; };
		82727544220B4D8D001BC165 /* Info.plist */ = {isa = PBXFileReference; lastKnownFileType = text.plist.xml; path = Info.plist; sourceTree = "<group>"; };
		82727549220B4D8D001BC165 /* Coindesk-APIUITests.xctest */ = {isa = PBXFileReference; explicitFileType = wrapper.cfbundle; includeInIndex = 0; path = "Coindesk-APIUITests.xctest"; sourceTree = BUILT_PRODUCTS_DIR; };
		8272754D220B4D8D001BC165 /* Coindesk_APIUITests.swift */ = {isa = PBXFileReference; lastKnownFileType = sourcecode.swift; path = Coindesk_APIUITests.swift; sourceTree = "<group>"; };
		8272754F220B4D8D001BC165 /* Info.plist */ = {isa = PBXFileReference; lastKnownFileType = text.plist.xml; path = Info.plist; sourceTree = "<group>"; };
		82727566220B4F2E001BC165 /* BitcoinInfoViewModel.swift */ = {isa = PBXFileReference; lastKnownFileType = sourcecode.swift; path = BitcoinInfoViewModel.swift; sourceTree = "<group>"; };
		82727568220B4FA1001BC165 /* BitcoinDetailsViewController.swift */ = {isa = PBXFileReference; lastKnownFileType = sourcecode.swift; path = BitcoinDetailsViewController.swift; sourceTree = "<group>"; };
		8272756A220B50CA001BC165 /* BitcoinRateCell.swift */ = {isa = PBXFileReference; lastKnownFileType = sourcecode.swift; path = BitcoinRateCell.swift; sourceTree = "<group>"; };
		8272756C220B5CB9001BC165 /* UIViewController+Identifier.swift */ = {isa = PBXFileReference; lastKnownFileType = sourcecode.swift; path = "UIViewController+Identifier.swift"; sourceTree = "<group>"; };
		8272756E220B5D92001BC165 /* Collection+SafeIndex.swift */ = {isa = PBXFileReference; lastKnownFileType = sourcecode.swift; path = "Collection+SafeIndex.swift"; sourceTree = "<group>"; };
		82AD589F220F029000DDC9B9 /* IncreasedTapTargetButton.swift */ = {isa = PBXFileReference; lastKnownFileType = sourcecode.swift; path = IncreasedTapTargetButton.swift; sourceTree = "<group>"; };
		82AD58A1220F051E00DDC9B9 /* AdjustableLabel.swift */ = {isa = PBXFileReference; lastKnownFileType = sourcecode.swift; path = AdjustableLabel.swift; sourceTree = "<group>"; };
		82AD58B0220F33C300DDC9B9 /* PaddedTwoSizeLabel.swift */ = {isa = PBXFileReference; lastKnownFileType = sourcecode.swift; path = PaddedTwoSizeLabel.swift; sourceTree = "<group>"; };
		82AD58B2220F513E00DDC9B9 /* Design.swift */ = {isa = PBXFileReference; lastKnownFileType = sourcecode.swift; path = Design.swift; sourceTree = "<group>"; };
		84A4DED1BCAE7071D7275891 /* Pods-Coindesk-APITests.release.xcconfig */ = {isa = PBXFileReference; includeInIndex = 1; lastKnownFileType = text.xcconfig; name = "Pods-Coindesk-APITests.release.xcconfig"; path = "Pods/Target Support Files/Pods-Coindesk-APITests/Pods-Coindesk-APITests.release.xcconfig"; sourceTree = "<group>"; };
		993C382ED961A8783A1938E6 /* Pods_Coindesk_API.framework */ = {isa = PBXFileReference; explicitFileType = wrapper.framework; includeInIndex = 0; path = Pods_Coindesk_API.framework; sourceTree = BUILT_PRODUCTS_DIR; };
		AAB0CC7700EE1DC9F72DDF45 /* Pods-Coindesk-APITests.debug.xcconfig */ = {isa = PBXFileReference; includeInIndex = 1; lastKnownFileType = text.xcconfig; name = "Pods-Coindesk-APITests.debug.xcconfig"; path = "Pods/Target Support Files/Pods-Coindesk-APITests/Pods-Coindesk-APITests.debug.xcconfig"; sourceTree = "<group>"; };
		BEF877FE7FB7D0F04E973AB4 /* Pods_Coindesk_APIUITests.framework */ = {isa = PBXFileReference; explicitFileType = wrapper.framework; includeInIndex = 0; path = Pods_Coindesk_APIUITests.framework; sourceTree = BUILT_PRODUCTS_DIR; };
		E80CB988DAB8348CC8D31613 /* Pods-Coindesk-APIUITests.debug.xcconfig */ = {isa = PBXFileReference; includeInIndex = 1; lastKnownFileType = text.xcconfig; name = "Pods-Coindesk-APIUITests.debug.xcconfig"; path = "Pods/Target Support Files/Pods-Coindesk-APIUITests/Pods-Coindesk-APIUITests.debug.xcconfig"; sourceTree = "<group>"; };
/* End PBXFileReference section */

/* Begin PBXFrameworksBuildPhase section */
		82727527220B4D8C001BC165 /* Frameworks */ = {
			isa = PBXFrameworksBuildPhase;
			buildActionMask = 2147483647;
			files = (
				412F59E076B84646FBDD19B2 /* Pods_Coindesk_API.framework in Frameworks */,
			);
			runOnlyForDeploymentPostprocessing = 0;
		};
		8272753B220B4D8D001BC165 /* Frameworks */ = {
			isa = PBXFrameworksBuildPhase;
			buildActionMask = 2147483647;
			files = (
				F36C68FB35591C0D0D926236 /* Pods_Coindesk_APITests.framework in Frameworks */,
			);
			runOnlyForDeploymentPostprocessing = 0;
		};
		82727546220B4D8D001BC165 /* Frameworks */ = {
			isa = PBXFrameworksBuildPhase;
			buildActionMask = 2147483647;
			files = (
				C7AFC0AB053532050DAA6373 /* Pods_Coindesk_APIUITests.framework in Frameworks */,
			);
			runOnlyForDeploymentPostprocessing = 0;
		};
/* End PBXFrameworksBuildPhase section */

/* Begin PBXGroup section */
		04242B5C926A11A3139F3FAE /* Frameworks */ = {
			isa = PBXGroup;
			children = (
				993C382ED961A8783A1938E6 /* Pods_Coindesk_API.framework */,
				75B32452BBD62CCE8E460C90 /* Pods_Coindesk_APITests.framework */,
				BEF877FE7FB7D0F04E973AB4 /* Pods_Coindesk_APIUITests.framework */,
			);
			name = Frameworks;
			sourceTree = "<group>";
		};
		820AACEB220DF75900E0A5F9 /* Labels */ = {
			isa = PBXGroup;
			children = (
				8227E477220DCB1F0076EB8E /* TwoSizeLabel.swift */,
				820AACF1220DF7D100E0A5F9 /* DateLabel.swift */,
				820AACF3220DF81B00E0A5F9 /* LastUpdateLabel.swift */,
				82AD58A1220F051E00DDC9B9 /* AdjustableLabel.swift */,
				82AD58B0220F33C300DDC9B9 /* PaddedTwoSizeLabel.swift */,
			);
			path = Labels;
			sourceTree = "<group>";
		};
		820AACEC220DF76A00E0A5F9 /* Cells */ = {
			isa = PBXGroup;
			children = (
				8272756A220B50CA001BC165 /* BitcoinRateCell.swift */,
			);
			path = Cells;
			sourceTree = "<group>";
		};
		82727521220B4D8C001BC165 = {
			isa = PBXGroup;
			children = (
				8272752C220B4D8C001BC165 /* Coindesk-API */,
				82727541220B4D8D001BC165 /* Coindesk-APITests */,
				8272754C220B4D8D001BC165 /* Coindesk-APIUITests */,
				8272752B220B4D8C001BC165 /* Products */,
				B22A60AACBE185DE6377A44B /* Pods */,
				04242B5C926A11A3139F3FAE /* Frameworks */,
			);
			sourceTree = "<group>";
		};
		8272752B220B4D8C001BC165 /* Products */ = {
			isa = PBXGroup;
			children = (
				8272752A220B4D8C001BC165 /* Coindesk-API.app */,
				8272753E220B4D8D001BC165 /* Coindesk-APITests.xctest */,
				82727549220B4D8D001BC165 /* Coindesk-APIUITests.xctest */,
			);
			name = Products;
			sourceTree = "<group>";
		};
		8272752C220B4D8C001BC165 /* Coindesk-API */ = {
			isa = PBXGroup;
			children = (
				8272752D220B4D8C001BC165 /* AppDelegate.swift */,
				82727539220B4D8D001BC165 /* Info.plist */,
				82727561220B4DBE001BC165 /* Networking */,
				82727563220B4DEC001BC165 /* Models */,
				8272755E220B4DA7001BC165 /* ViewModels */,
				8272755D220B4DA2001BC165 /* Views */,
				8272755F220B4DAC001BC165 /* ViewControllers */,
				82727560220B4DB3001BC165 /* UserInterfaces */,
				8272755B220B4D93001BC165 /* Utils */,
				82727562220B4DDC001BC165 /* Resources */,
			);
			path = "Coindesk-API";
			sourceTree = "<group>";
		};
		82727541220B4D8D001BC165 /* Coindesk-APITests */ = {
			isa = PBXGroup;
			children = (
				82727542220B4D8D001BC165 /* Coindesk_APITests.swift */,
				82727544220B4D8D001BC165 /* Info.plist */,
			);
			path = "Coindesk-APITests";
			sourceTree = "<group>";
		};
		8272754C220B4D8D001BC165 /* Coindesk-APIUITests */ = {
			isa = PBXGroup;
			children = (
				8272754D220B4D8D001BC165 /* Coindesk_APIUITests.swift */,
				8272754F220B4D8D001BC165 /* Info.plist */,
			);
			path = "Coindesk-APIUITests";
			sourceTree = "<group>";
		};
		8272755B220B4D93001BC165 /* Utils */ = {
			isa = PBXGroup;
			children = (
				8272755C220B4D9C001BC165 /* Extensions */,
				8227E466220C91310076EB8E /* FileManager+DocumentDirectory.swift */,
				8227E454220B62730076EB8E /* Error.swift */,
				8227E46C220CE38B0076EB8E /* DateFormatters.swift */,
				8227E473220DBE770076EB8E /* NavigationController.swift */,
				82AD58B2220F513E00DDC9B9 /* Design.swift */,
			);
			path = Utils;
			sourceTree = "<group>";
		};
		8272755C220B4D9C001BC165 /* Extensions */ = {
			isa = PBXGroup;
			children = (
				8272756C220B5CB9001BC165 /* UIViewController+Identifier.swift */,
				8272756E220B5D92001BC165 /* Collection+SafeIndex.swift */,
				8227E460220C70F70076EB8E /* UIColor+Hex.swift */,
				8227E470220DBBA70076EB8E /* Formatter+Seperator.swift */,
				820AACF6220DFF5300E0A5F9 /* UIViewController+Alert.swift */,
			);
			path = Extensions;
			sourceTree = "<group>";
		};
		8272755D220B4DA2001BC165 /* Views */ = {
			isa = PBXGroup;
			children = (
				820AACEC220DF76A00E0A5F9 /* Cells */,
				820AACEB220DF75900E0A5F9 /* Labels */,
				8227E464220C74E20076EB8E /* RoundedTableView.swift */,
				8227E462220C715D0076EB8E /* GradientView.swift */,
				82AD589F220F029000DDC9B9 /* IncreasedTapTargetButton.swift */,
			);
			path = Views;
			sourceTree = "<group>";
		};
		8272755E220B4DA7001BC165 /* ViewModels */ = {
			isa = PBXGroup;
			children = (
				82727566220B4F2E001BC165 /* BitcoinInfoViewModel.swift */,
			);
			path = ViewModels;
			sourceTree = "<group>";
		};
		8272755F220B4DAC001BC165 /* ViewControllers */ = {
			isa = PBXGroup;
			children = (
				8272752F220B4D8C001BC165 /* BitcoinHistoryViewController.swift */,
				82727568220B4FA1001BC165 /* BitcoinDetailsViewController.swift */,
			);
			path = ViewControllers;
			sourceTree = "<group>";
		};
		82727560220B4DB3001BC165 /* UserInterfaces */ = {
			isa = PBXGroup;
			children = (
				82727536220B4D8D001BC165 /* LaunchScreen.storyboard */,
				82727531220B4D8C001BC165 /* Main.storyboard */,
			);
			path = UserInterfaces;
			sourceTree = "<group>";
		};
		82727561220B4DBE001BC165 /* Networking */ = {
			isa = PBXGroup;
			children = (
				8227E452220B62100076EB8E /* Service.swift */,
				8227E456220B635E0076EB8E /* Reachability.swift */,
				8227E458220C20A80076EB8E /* Configuration.swift */,
			);
			path = Networking;
			sourceTree = "<group>";
		};
		82727562220B4DDC001BC165 /* Resources */ = {
			isa = PBXGroup;
			children = (
				82727534220B4D8D001BC165 /* Assets.xcassets */,
			);
			path = Resources;
			sourceTree = "<group>";
		};
		82727563220B4DEC001BC165 /* Models */ = {
			isa = PBXGroup;
			children = (
				8227E45A220C2E310076EB8E /* BitcoinInfo.swift */,
				8227E45C220C322E0076EB8E /* BPI.swift */,
				8227E45E220C5AD20076EB8E /* BPIHistory.swift */,
			);
			path = Models;
			sourceTree = "<group>";
		};
		B22A60AACBE185DE6377A44B /* Pods */ = {
			isa = PBXGroup;
			children = (
				32706AE05B4487459A99E667 /* Pods-Coindesk-API.debug.xcconfig */,
				47C9D3C8646ABFD49B5B254F /* Pods-Coindesk-API.release.xcconfig */,
				AAB0CC7700EE1DC9F72DDF45 /* Pods-Coindesk-APITests.debug.xcconfig */,
				84A4DED1BCAE7071D7275891 /* Pods-Coindesk-APITests.release.xcconfig */,
				E80CB988DAB8348CC8D31613 /* Pods-Coindesk-APIUITests.debug.xcconfig */,
				642CD4C0C9B6CF6DF3657999 /* Pods-Coindesk-APIUITests.release.xcconfig */,
			);
			name = Pods;
			sourceTree = "<group>";
		};
/* End PBXGroup section */

/* Begin PBXNativeTarget section */
		82727529220B4D8C001BC165 /* Coindesk-API */ = {
			isa = PBXNativeTarget;
			buildConfigurationList = 82727552220B4D8D001BC165 /* Build configuration list for PBXNativeTarget "Coindesk-API" */;
			buildPhases = (
				177CC7E452406DD1EE3AE504 /* [CP] Check Pods Manifest.lock */,
				82727526220B4D8C001BC165 /* Sources */,
				82727527220B4D8C001BC165 /* Frameworks */,
				82727528220B4D8C001BC165 /* Resources */,
				31F813915E2B792033E2A0C1 /* [CP] Embed Pods Frameworks */,
			);
			buildRules = (
			);
			dependencies = (
			);
			name = "Coindesk-API";
			productName = "Coindesk-API";
			productReference = 8272752A220B4D8C001BC165 /* Coindesk-API.app */;
			productType = "com.apple.product-type.application";
		};
		8272753D220B4D8D001BC165 /* Coindesk-APITests */ = {
			isa = PBXNativeTarget;
			buildConfigurationList = 82727555220B4D8D001BC165 /* Build configuration list for PBXNativeTarget "Coindesk-APITests" */;
			buildPhases = (
				AD01D9E2DAB3D44514D918A9 /* [CP] Check Pods Manifest.lock */,
				8272753A220B4D8D001BC165 /* Sources */,
				8272753B220B4D8D001BC165 /* Frameworks */,
				8272753C220B4D8D001BC165 /* Resources */,
			);
			buildRules = (
			);
			dependencies = (
				82727540220B4D8D001BC165 /* PBXTargetDependency */,
			);
			name = "Coindesk-APITests";
			productName = "Coindesk-APITests";
			productReference = 8272753E220B4D8D001BC165 /* Coindesk-APITests.xctest */;
			productType = "com.apple.product-type.bundle.unit-test";
		};
		82727548220B4D8D001BC165 /* Coindesk-APIUITests */ = {
			isa = PBXNativeTarget;
			buildConfigurationList = 82727558220B4D8D001BC165 /* Build configuration list for PBXNativeTarget "Coindesk-APIUITests" */;
			buildPhases = (
				E218F6A3ED6DBD6F6AEBE576 /* [CP] Check Pods Manifest.lock */,
				82727545220B4D8D001BC165 /* Sources */,
				82727546220B4D8D001BC165 /* Frameworks */,
				82727547220B4D8D001BC165 /* Resources */,
			);
			buildRules = (
			);
			dependencies = (
				8272754B220B4D8D001BC165 /* PBXTargetDependency */,
			);
			name = "Coindesk-APIUITests";
			productName = "Coindesk-APIUITests";
			productReference = 82727549220B4D8D001BC165 /* Coindesk-APIUITests.xctest */;
			productType = "com.apple.product-type.bundle.ui-testing";
		};
/* End PBXNativeTarget section */

/* Begin PBXProject section */
		82727522220B4D8C001BC165 /* Project object */ = {
			isa = PBXProject;
			attributes = {
				LastSwiftUpdateCheck = 1010;
				LastUpgradeCheck = 1010;
				ORGANIZATIONNAME = "Cédric Rolland";
				TargetAttributes = {
					82727529220B4D8C001BC165 = {
						CreatedOnToolsVersion = 10.1;
					};
					8272753D220B4D8D001BC165 = {
						CreatedOnToolsVersion = 10.1;
						TestTargetID = 82727529220B4D8C001BC165;
					};
					82727548220B4D8D001BC165 = {
						CreatedOnToolsVersion = 10.1;
						TestTargetID = 82727529220B4D8C001BC165;
					};
				};
			};
			buildConfigurationList = 82727525220B4D8C001BC165 /* Build configuration list for PBXProject "Coindesk-API" */;
			compatibilityVersion = "Xcode 9.3";
			developmentRegion = en;
			hasScannedForEncodings = 0;
			knownRegions = (
				en,
				Base,
			);
			mainGroup = 82727521220B4D8C001BC165;
			productRefGroup = 8272752B220B4D8C001BC165 /* Products */;
			projectDirPath = "";
			projectRoot = "";
			targets = (
				82727529220B4D8C001BC165 /* Coindesk-API */,
				8272753D220B4D8D001BC165 /* Coindesk-APITests */,
				82727548220B4D8D001BC165 /* Coindesk-APIUITests */,
			);
		};
/* End PBXProject section */

/* Begin PBXResourcesBuildPhase section */
		82727528220B4D8C001BC165 /* Resources */ = {
			isa = PBXResourcesBuildPhase;
			buildActionMask = 2147483647;
			files = (
				82727538220B4D8D001BC165 /* LaunchScreen.storyboard in Resources */,
				82727535220B4D8D001BC165 /* Assets.xcassets in Resources */,
				82727533220B4D8C001BC165 /* Main.storyboard in Resources */,
			);
			runOnlyForDeploymentPostprocessing = 0;
		};
		8272753C220B4D8D001BC165 /* Resources */ = {
			isa = PBXResourcesBuildPhase;
			buildActionMask = 2147483647;
			files = (
			);
			runOnlyForDeploymentPostprocessing = 0;
		};
		82727547220B4D8D001BC165 /* Resources */ = {
			isa = PBXResourcesBuildPhase;
			buildActionMask = 2147483647;
			files = (
			);
			runOnlyForDeploymentPostprocessing = 0;
		};
/* End PBXResourcesBuildPhase section */

/* Begin PBXShellScriptBuildPhase section */
		177CC7E452406DD1EE3AE504 /* [CP] Check Pods Manifest.lock */ = {
			isa = PBXShellScriptBuildPhase;
			buildActionMask = 2147483647;
			files = (
			);
			inputFileListPaths = (
			);
			inputPaths = (
				"${PODS_PODFILE_DIR_PATH}/Podfile.lock",
				"${PODS_ROOT}/Manifest.lock",
			);
			name = "[CP] Check Pods Manifest.lock";
			outputFileListPaths = (
			);
			outputPaths = (
				"$(DERIVED_FILE_DIR)/Pods-Coindesk-API-checkManifestLockResult.txt",
			);
			runOnlyForDeploymentPostprocessing = 0;
			shellPath = /bin/sh;
			shellScript = "diff \"${PODS_PODFILE_DIR_PATH}/Podfile.lock\" \"${PODS_ROOT}/Manifest.lock\" > /dev/null\nif [ $? != 0 ] ; then\n    # print error to STDERR\n    echo \"error: The sandbox is not in sync with the Podfile.lock. Run 'pod install' or update your CocoaPods installation.\" >&2\n    exit 1\nfi\n# This output is used by Xcode 'outputs' to avoid re-running this script phase.\necho \"SUCCESS\" > \"${SCRIPT_OUTPUT_FILE_0}\"\n";
			showEnvVarsInLog = 0;
		};
		31F813915E2B792033E2A0C1 /* [CP] Embed Pods Frameworks */ = {
			isa = PBXShellScriptBuildPhase;
			buildActionMask = 2147483647;
			files = (
			);
			inputFileListPaths = (
			);
			inputPaths = (
				"${SRCROOT}/Pods/Target Support Files/Pods-Coindesk-API/Pods-Coindesk-API-frameworks.sh",
				"${BUILT_PRODUCTS_DIR}/Alamofire/Alamofire.framework",
				"${BUILT_PRODUCTS_DIR}/SwiftyJSON/SwiftyJSON.framework",
			);
			name = "[CP] Embed Pods Frameworks";
			outputFileListPaths = (
			);
			outputPaths = (
				"${TARGET_BUILD_DIR}/${FRAMEWORKS_FOLDER_PATH}/Alamofire.framework",
				"${TARGET_BUILD_DIR}/${FRAMEWORKS_FOLDER_PATH}/SwiftyJSON.framework",
			);
			runOnlyForDeploymentPostprocessing = 0;
			shellPath = /bin/sh;
			shellScript = "\"${SRCROOT}/Pods/Target Support Files/Pods-Coindesk-API/Pods-Coindesk-API-frameworks.sh\"\n";
			showEnvVarsInLog = 0;
		};
		AD01D9E2DAB3D44514D918A9 /* [CP] Check Pods Manifest.lock */ = {
			isa = PBXShellScriptBuildPhase;
			buildActionMask = 2147483647;
			files = (
			);
			inputFileListPaths = (
			);
			inputPaths = (
				"${PODS_PODFILE_DIR_PATH}/Podfile.lock",
				"${PODS_ROOT}/Manifest.lock",
			);
			name = "[CP] Check Pods Manifest.lock";
			outputFileListPaths = (
			);
			outputPaths = (
				"$(DERIVED_FILE_DIR)/Pods-Coindesk-APITests-checkManifestLockResult.txt",
			);
			runOnlyForDeploymentPostprocessing = 0;
			shellPath = /bin/sh;
			shellScript = "diff \"${PODS_PODFILE_DIR_PATH}/Podfile.lock\" \"${PODS_ROOT}/Manifest.lock\" > /dev/null\nif [ $? != 0 ] ; then\n    # print error to STDERR\n    echo \"error: The sandbox is not in sync with the Podfile.lock. Run 'pod install' or update your CocoaPods installation.\" >&2\n    exit 1\nfi\n# This output is used by Xcode 'outputs' to avoid re-running this script phase.\necho \"SUCCESS\" > \"${SCRIPT_OUTPUT_FILE_0}\"\n";
			showEnvVarsInLog = 0;
		};
		E218F6A3ED6DBD6F6AEBE576 /* [CP] Check Pods Manifest.lock */ = {
			isa = PBXShellScriptBuildPhase;
			buildActionMask = 2147483647;
			files = (
			);
			inputFileListPaths = (
			);
			inputPaths = (
				"${PODS_PODFILE_DIR_PATH}/Podfile.lock",
				"${PODS_ROOT}/Manifest.lock",
			);
			name = "[CP] Check Pods Manifest.lock";
			outputFileListPaths = (
			);
			outputPaths = (
				"$(DERIVED_FILE_DIR)/Pods-Coindesk-APIUITests-checkManifestLockResult.txt",
			);
			runOnlyForDeploymentPostprocessing = 0;
			shellPath = /bin/sh;
			shellScript = "diff \"${PODS_PODFILE_DIR_PATH}/Podfile.lock\" \"${PODS_ROOT}/Manifest.lock\" > /dev/null\nif [ $? != 0 ] ; then\n    # print error to STDERR\n    echo \"error: The sandbox is not in sync with the Podfile.lock. Run 'pod install' or update your CocoaPods installation.\" >&2\n    exit 1\nfi\n# This output is used by Xcode 'outputs' to avoid re-running this script phase.\necho \"SUCCESS\" > \"${SCRIPT_OUTPUT_FILE_0}\"\n";
			showEnvVarsInLog = 0;
		};
/* End PBXShellScriptBuildPhase section */

/* Begin PBXSourcesBuildPhase section */
		82727526220B4D8C001BC165 /* Sources */ = {
			isa = PBXSourcesBuildPhase;
			buildActionMask = 2147483647;
			files = (
				820AACF2220DF7D100E0A5F9 /* DateLabel.swift in Sources */,
				8227E46D220CE38B0076EB8E /* DateFormatters.swift in Sources */,
				8227E467220C91310076EB8E /* FileManager+DocumentDirectory.swift in Sources */,
				82727530220B4D8C001BC165 /* BitcoinHistoryViewController.swift in Sources */,
				8272756D220B5CB9001BC165 /* UIViewController+Identifier.swift in Sources */,
				820AACF7220DFF5300E0A5F9 /* UIViewController+Alert.swift in Sources */,
				8227E471220DBBA70076EB8E /* Formatter+Seperator.swift in Sources */,
				82727567220B4F2E001BC165 /* BitcoinInfoViewModel.swift in Sources */,
				8227E465220C74E20076EB8E /* RoundedTableView.swift in Sources */,
				82AD58A0220F029000DDC9B9 /* IncreasedTapTargetButton.swift in Sources */,
				8227E45D220C322E0076EB8E /* BPI.swift in Sources */,
				82AD58B1220F33C300DDC9B9 /* PaddedTwoSizeLabel.swift in Sources */,
				8227E45B220C2E310076EB8E /* BitcoinInfo.swift in Sources */,
				8272756F220B5D92001BC165 /* Collection+SafeIndex.swift in Sources */,
				8227E463220C715D0076EB8E /* GradientView.swift in Sources */,
				8272756B220B50CA001BC165 /* BitcoinRateCell.swift in Sources */,
				82AD58B3220F513E00DDC9B9 /* Design.swift in Sources */,
				8227E478220DCB1F0076EB8E /* TwoSizeLabel.swift in Sources */,
				82AD58A2220F051E00DDC9B9 /* AdjustableLabel.swift in Sources */,
				8227E453220B62100076EB8E /* Service.swift in Sources */,
				820AACF4220DF81B00E0A5F9 /* LastUpdateLabel.swift in Sources */,
				8227E459220C20A80076EB8E /* Configuration.swift in Sources */,
				8227E461220C70F70076EB8E /* UIColor+Hex.swift in Sources */,
				8272752E220B4D8C001BC165 /* AppDelegate.swift in Sources */,
				8227E45F220C5AD20076EB8E /* BPIHistory.swift in Sources */,
				8227E457220B635E0076EB8E /* Reachability.swift in Sources */,
				8227E455220B62730076EB8E /* Error.swift in Sources */,
				8227E474220DBE770076EB8E /* NavigationController.swift in Sources */,
				82727569220B4FA1001BC165 /* BitcoinDetailsViewController.swift in Sources */,
			);
			runOnlyForDeploymentPostprocessing = 0;
		};
		8272753A220B4D8D001BC165 /* Sources */ = {
			isa = PBXSourcesBuildPhase;
			buildActionMask = 2147483647;
			files = (
				82727543220B4D8D001BC165 /* Coindesk_APITests.swift in Sources */,
			);
			runOnlyForDeploymentPostprocessing = 0;
		};
		82727545220B4D8D001BC165 /* Sources */ = {
			isa = PBXSourcesBuildPhase;
			buildActionMask = 2147483647;
			files = (
				8272754E220B4D8D001BC165 /* Coindesk_APIUITests.swift in Sources */,
			);
			runOnlyForDeploymentPostprocessing = 0;
		};
/* End PBXSourcesBuildPhase section */

/* Begin PBXTargetDependency section */
		82727540220B4D8D001BC165 /* PBXTargetDependency */ = {
			isa = PBXTargetDependency;
			target = 82727529220B4D8C001BC165 /* Coindesk-API */;
			targetProxy = 8272753F220B4D8D001BC165 /* PBXContainerItemProxy */;
		};
		8272754B220B4D8D001BC165 /* PBXTargetDependency */ = {
			isa = PBXTargetDependency;
			target = 82727529220B4D8C001BC165 /* Coindesk-API */;
			targetProxy = 8272754A220B4D8D001BC165 /* PBXContainerItemProxy */;
		};
/* End PBXTargetDependency section */

/* Begin PBXVariantGroup section */
		82727531220B4D8C001BC165 /* Main.storyboard */ = {
			isa = PBXVariantGroup;
			children = (
				82727532220B4D8C001BC165 /* Base */,
			);
			name = Main.storyboard;
			sourceTree = "<group>";
		};
		82727536220B4D8D001BC165 /* LaunchScreen.storyboard */ = {
			isa = PBXVariantGroup;
			children = (
				82727537220B4D8D001BC165 /* Base */,
			);
			name = LaunchScreen.storyboard;
			sourceTree = "<group>";
		};
/* End PBXVariantGroup section */

/* Begin XCBuildConfiguration section */
		82727550220B4D8D001BC165 /* Debug */ = {
			isa = XCBuildConfiguration;
			buildSettings = {
				ALWAYS_SEARCH_USER_PATHS = NO;
				CLANG_ANALYZER_NONNULL = YES;
				CLANG_ANALYZER_NUMBER_OBJECT_CONVERSION = YES_AGGRESSIVE;
				CLANG_CXX_LANGUAGE_STANDARD = "gnu++14";
				CLANG_CXX_LIBRARY = "libc++";
				CLANG_ENABLE_MODULES = YES;
				CLANG_ENABLE_OBJC_ARC = YES;
				CLANG_ENABLE_OBJC_WEAK = YES;
				CLANG_WARN_BLOCK_CAPTURE_AUTORELEASING = YES;
				CLANG_WARN_BOOL_CONVERSION = YES;
				CLANG_WARN_COMMA = YES;
				CLANG_WARN_CONSTANT_CONVERSION = YES;
				CLANG_WARN_DEPRECATED_OBJC_IMPLEMENTATIONS = YES;
				CLANG_WARN_DIRECT_OBJC_ISA_USAGE = YES_ERROR;
				CLANG_WARN_DOCUMENTATION_COMMENTS = YES;
				CLANG_WARN_EMPTY_BODY = YES;
				CLANG_WARN_ENUM_CONVERSION = YES;
				CLANG_WARN_INFINITE_RECURSION = YES;
				CLANG_WARN_INT_CONVERSION = YES;
				CLANG_WARN_NON_LITERAL_NULL_CONVERSION = YES;
				CLANG_WARN_OBJC_IMPLICIT_RETAIN_SELF = YES;
				CLANG_WARN_OBJC_LITERAL_CONVERSION = YES;
				CLANG_WARN_OBJC_ROOT_CLASS = YES_ERROR;
				CLANG_WARN_RANGE_LOOP_ANALYSIS = YES;
				CLANG_WARN_STRICT_PROTOTYPES = YES;
				CLANG_WARN_SUSPICIOUS_MOVE = YES;
				CLANG_WARN_UNGUARDED_AVAILABILITY = YES_AGGRESSIVE;
				CLANG_WARN_UNREACHABLE_CODE = YES;
				CLANG_WARN__DUPLICATE_METHOD_MATCH = YES;
				CODE_SIGN_IDENTITY = "iPhone Developer";
				COPY_PHASE_STRIP = NO;
				DEBUG_INFORMATION_FORMAT = dwarf;
				ENABLE_STRICT_OBJC_MSGSEND = YES;
				ENABLE_TESTABILITY = YES;
				GCC_C_LANGUAGE_STANDARD = gnu11;
				GCC_DYNAMIC_NO_PIC = NO;
				GCC_NO_COMMON_BLOCKS = YES;
				GCC_OPTIMIZATION_LEVEL = 0;
				GCC_PREPROCESSOR_DEFINITIONS = (
					"DEBUG=1",
					"$(inherited)",
				);
				GCC_WARN_64_TO_32_BIT_CONVERSION = YES;
				GCC_WARN_ABOUT_RETURN_TYPE = YES_ERROR;
				GCC_WARN_UNDECLARED_SELECTOR = YES;
				GCC_WARN_UNINITIALIZED_AUTOS = YES_AGGRESSIVE;
				GCC_WARN_UNUSED_FUNCTION = YES;
				GCC_WARN_UNUSED_VARIABLE = YES;
				IPHONEOS_DEPLOYMENT_TARGET = 12.1;
				MTL_ENABLE_DEBUG_INFO = INCLUDE_SOURCE;
				MTL_FAST_MATH = YES;
				ONLY_ACTIVE_ARCH = YES;
				SDKROOT = iphoneos;
				SWIFT_ACTIVE_COMPILATION_CONDITIONS = DEBUG;
				SWIFT_OPTIMIZATION_LEVEL = "-Onone";
			};
			name = Debug;
		};
		82727551220B4D8D001BC165 /* Release */ = {
			isa = XCBuildConfiguration;
			buildSettings = {
				ALWAYS_SEARCH_USER_PATHS = NO;
				CLANG_ANALYZER_NONNULL = YES;
				CLANG_ANALYZER_NUMBER_OBJECT_CONVERSION = YES_AGGRESSIVE;
				CLANG_CXX_LANGUAGE_STANDARD = "gnu++14";
				CLANG_CXX_LIBRARY = "libc++";
				CLANG_ENABLE_MODULES = YES;
				CLANG_ENABLE_OBJC_ARC = YES;
				CLANG_ENABLE_OBJC_WEAK = YES;
				CLANG_WARN_BLOCK_CAPTURE_AUTORELEASING = YES;
				CLANG_WARN_BOOL_CONVERSION = YES;
				CLANG_WARN_COMMA = YES;
				CLANG_WARN_CONSTANT_CONVERSION = YES;
				CLANG_WARN_DEPRECATED_OBJC_IMPLEMENTATIONS = YES;
				CLANG_WARN_DIRECT_OBJC_ISA_USAGE = YES_ERROR;
				CLANG_WARN_DOCUMENTATION_COMMENTS = YES;
				CLANG_WARN_EMPTY_BODY = YES;
				CLANG_WARN_ENUM_CONVERSION = YES;
				CLANG_WARN_INFINITE_RECURSION = YES;
				CLANG_WARN_INT_CONVERSION = YES;
				CLANG_WARN_NON_LITERAL_NULL_CONVERSION = YES;
				CLANG_WARN_OBJC_IMPLICIT_RETAIN_SELF = YES;
				CLANG_WARN_OBJC_LITERAL_CONVERSION = YES;
				CLANG_WARN_OBJC_ROOT_CLASS = YES_ERROR;
				CLANG_WARN_RANGE_LOOP_ANALYSIS = YES;
				CLANG_WARN_STRICT_PROTOTYPES = YES;
				CLANG_WARN_SUSPICIOUS_MOVE = YES;
				CLANG_WARN_UNGUARDED_AVAILABILITY = YES_AGGRESSIVE;
				CLANG_WARN_UNREACHABLE_CODE = YES;
				CLANG_WARN__DUPLICATE_METHOD_MATCH = YES;
				CODE_SIGN_IDENTITY = "iPhone Developer";
				COPY_PHASE_STRIP = NO;
				DEBUG_INFORMATION_FORMAT = "dwarf-with-dsym";
				ENABLE_NS_ASSERTIONS = NO;
				ENABLE_STRICT_OBJC_MSGSEND = YES;
				GCC_C_LANGUAGE_STANDARD = gnu11;
				GCC_NO_COMMON_BLOCKS = YES;
				GCC_WARN_64_TO_32_BIT_CONVERSION = YES;
				GCC_WARN_ABOUT_RETURN_TYPE = YES_ERROR;
				GCC_WARN_UNDECLARED_SELECTOR = YES;
				GCC_WARN_UNINITIALIZED_AUTOS = YES_AGGRESSIVE;
				GCC_WARN_UNUSED_FUNCTION = YES;
				GCC_WARN_UNUSED_VARIABLE = YES;
				IPHONEOS_DEPLOYMENT_TARGET = 12.1;
				MTL_ENABLE_DEBUG_INFO = NO;
				MTL_FAST_MATH = YES;
				SDKROOT = iphoneos;
				SWIFT_COMPILATION_MODE = wholemodule;
				SWIFT_OPTIMIZATION_LEVEL = "-O";
				VALIDATE_PRODUCT = YES;
			};
			name = Release;
		};
		82727553220B4D8D001BC165 /* Debug */ = {
			isa = XCBuildConfiguration;
			baseConfigurationReference = 32706AE05B4487459A99E667 /* Pods-Coindesk-API.debug.xcconfig */;
			buildSettings = {
				API_BASE_URL_ENDPOINT = "https://api.coindesk.com/v1/bpi/";
				ASSETCATALOG_COMPILER_APPICON_NAME = AppIcon;
				CODE_SIGN_STYLE = Automatic;
				DEVELOPMENT_TEAM = 847P2LXN5F;
				INFOPLIST_FILE = "Coindesk-API/Info.plist";
				LD_RUNPATH_SEARCH_PATHS = (
					"$(inherited)",
					"@executable_path/Frameworks",
				);
				PRODUCT_BUNDLE_IDENTIFIER = "com.coindesk.Coindesk-API";
				PRODUCT_NAME = "$(TARGET_NAME)";
				SWIFT_VERSION = 4.2;
				TARGETED_DEVICE_FAMILY = "1,2";
			};
			name = Debug;
		};
		82727554220B4D8D001BC165 /* Release */ = {
			isa = XCBuildConfiguration;
			baseConfigurationReference = 47C9D3C8646ABFD49B5B254F /* Pods-Coindesk-API.release.xcconfig */;
			buildSettings = {
				API_BASE_URL_ENDPOINT = "https://api.coindesk.com/v1/bpi/";
				ASSETCATALOG_COMPILER_APPICON_NAME = AppIcon;
				CODE_SIGN_STYLE = Automatic;
				DEVELOPMENT_TEAM = 847P2LXN5F;
				INFOPLIST_FILE = "Coindesk-API/Info.plist";
				LD_RUNPATH_SEARCH_PATHS = (
					"$(inherited)",
					"@executable_path/Frameworks",
				);
				PRODUCT_BUNDLE_IDENTIFIER = "com.coindesk.Coindesk-API";
				PRODUCT_NAME = "$(TARGET_NAME)";
				SWIFT_VERSION = 4.2;
				TARGETED_DEVICE_FAMILY = "1,2";
			};
			name = Release;
		};
		82727556220B4D8D001BC165 /* Debug */ = {
			isa = XCBuildConfiguration;
			baseConfigurationReference = AAB0CC7700EE1DC9F72DDF45 /* Pods-Coindesk-APITests.debug.xcconfig */;
			buildSettings = {
				ALWAYS_EMBED_SWIFT_STANDARD_LIBRARIES = YES;
				BUNDLE_LOADER = "$(TEST_HOST)";
				CODE_SIGN_STYLE = Automatic;
				DEVELOPMENT_TEAM = DDSBYNBHV5;
				INFOPLIST_FILE = "Coindesk-APITests/Info.plist";
				LD_RUNPATH_SEARCH_PATHS = (
					"$(inherited)",
					"@executable_path/Frameworks",
					"@loader_path/Frameworks",
				);
				PRODUCT_BUNDLE_IDENTIFIER = "com.coindesk.Coindesk-APITests";
				PRODUCT_NAME = "$(TARGET_NAME)";
				SWIFT_VERSION = 4.2;
				TARGETED_DEVICE_FAMILY = "1,2";
				TEST_HOST = "$(BUILT_PRODUCTS_DIR)/Coindesk-API.app/Coindesk-API";
			};
			name = Debug;
		};
		82727557220B4D8D001BC165 /* Release */ = {
			isa = XCBuildConfiguration;
			baseConfigurationReference = 84A4DED1BCAE7071D7275891 /* Pods-Coindesk-APITests.release.xcconfig */;
			buildSettings = {
				ALWAYS_EMBED_SWIFT_STANDARD_LIBRARIES = YES;
				BUNDLE_LOADER = "$(TEST_HOST)";
				CODE_SIGN_STYLE = Automatic;
				DEVELOPMENT_TEAM = DDSBYNBHV5;
				INFOPLIST_FILE = "Coindesk-APITests/Info.plist";
				LD_RUNPATH_SEARCH_PATHS = (
					"$(inherited)",
					"@executable_path/Frameworks",
					"@loader_path/Frameworks",
				);
				PRODUCT_BUNDLE_IDENTIFIER = "com.coindesk.Coindesk-APITests";
				PRODUCT_NAME = "$(TARGET_NAME)";
				SWIFT_VERSION = 4.2;
				TARGETED_DEVICE_FAMILY = "1,2";
				TEST_HOST = "$(BUILT_PRODUCTS_DIR)/Coindesk-API.app/Coindesk-API";
			};
			name = Release;
		};
		82727559220B4D8D001BC165 /* Debug */ = {
			isa = XCBuildConfiguration;
			baseConfigurationReference = E80CB988DAB8348CC8D31613 /* Pods-Coindesk-APIUITests.debug.xcconfig */;
			buildSettings = {
				ALWAYS_EMBED_SWIFT_STANDARD_LIBRARIES = YES;
				CODE_SIGN_STYLE = Automatic;
				DEVELOPMENT_TEAM = DDSBYNBHV5;
				INFOPLIST_FILE = "Coindesk-APIUITests/Info.plist";
				LD_RUNPATH_SEARCH_PATHS = (
					"$(inherited)",
					"@executable_path/Frameworks",
					"@loader_path/Frameworks",
				);
				PRODUCT_BUNDLE_IDENTIFIER = "com.coindesk.Coindesk-APIUITests";
				PRODUCT_NAME = "$(TARGET_NAME)";
				SWIFT_VERSION = 4.2;
				TARGETED_DEVICE_FAMILY = "1,2";
				TEST_TARGET_NAME = "Coindesk-API";
			};
			name = Debug;
		};
		8272755A220B4D8D001BC165 /* Release */ = {
			isa = XCBuildConfiguration;
			baseConfigurationReference = 642CD4C0C9B6CF6DF3657999 /* Pods-Coindesk-APIUITests.release.xcconfig */;
			buildSettings = {
				ALWAYS_EMBED_SWIFT_STANDARD_LIBRARIES = YES;
				CODE_SIGN_STYLE = Automatic;
				DEVELOPMENT_TEAM = DDSBYNBHV5;
				INFOPLIST_FILE = "Coindesk-APIUITests/Info.plist";
				LD_RUNPATH_SEARCH_PATHS = (
					"$(inherited)",
					"@executable_path/Frameworks",
					"@loader_path/Frameworks",
				);
				PRODUCT_BUNDLE_IDENTIFIER = "com.coindesk.Coindesk-APIUITests";
				PRODUCT_NAME = "$(TARGET_NAME)";
				SWIFT_VERSION = 4.2;
				TARGETED_DEVICE_FAMILY = "1,2";
				TEST_TARGET_NAME = "Coindesk-API";
			};
			name = Release;
		};
/* End XCBuildConfiguration section */

/* Begin XCConfigurationList section */
		82727525220B4D8C001BC165 /* Build configuration list for PBXProject "Coindesk-API" */ = {
			isa = XCConfigurationList;
			buildConfigurations = (
				82727550220B4D8D001BC165 /* Debug */,
				82727551220B4D8D001BC165 /* Release */,
			);
			defaultConfigurationIsVisible = 0;
			defaultConfigurationName = Release;
		};
		82727552220B4D8D001BC165 /* Build configuration list for PBXNativeTarget "Coindesk-API" */ = {
			isa = XCConfigurationList;
			buildConfigurations = (
				82727553220B4D8D001BC165 /* Debug */,
				82727554220B4D8D001BC165 /* Release */,
			);
			defaultConfigurationIsVisible = 0;
			defaultConfigurationName = Release;
		};
		82727555220B4D8D001BC165 /* Build configuration list for PBXNativeTarget "Coindesk-APITests" */ = {
			isa = XCConfigurationList;
			buildConfigurations = (
				82727556220B4D8D001BC165 /* Debug */,
				82727557220B4D8D001BC165 /* Release */,
			);
			defaultConfigurationIsVisible = 0;
			defaultConfigurationName = Release;
		};
		82727558220B4D8D001BC165 /* Build configuration list for PBXNativeTarget "Coindesk-APIUITests" */ = {
			isa = XCConfigurationList;
			buildConfigurations = (
				82727559220B4D8D001BC165 /* Debug */,
				8272755A220B4D8D001BC165 /* Release */,
			);
			defaultConfigurationIsVisible = 0;
			defaultConfigurationName = Release;
		};
/* End XCConfigurationList section */
	};
	rootObject = 82727522220B4D8C001BC165 /* Project object */;
}
